
Microsoft Visual Studio Solution File, Format Version 12.00
# Visual Studio Version 16
VisualStudioVersion = 16.0.29025.244
MinimumVisualStudioVersion = 10.0.40219.1
Project("{9A19103F-16F7-4668-BE54-9A1E7A4F7556}") = "DutchTreat", "DutchTreat.csproj", "{F566379F-89A0-40CD-8FB8-2B000C83C4BC}"
EndProject
Global
	GlobalSection(SolutionConfigurationPlatforms) = preSolution
		Debug|Any CPU = Debug|Any CPU
		Release|Any CPU = Release|Any CPU
	EndGlobalSection
	GlobalSection(ProjectConfigurationPlatforms) = postSolution
		{F566379F-89A0-40CD-8FB8-2B000C83C4BC}.Debug|Any CPU.ActiveCfg = Debug|Any CPU
		{F566379F-89A0-40CD-8FB8-2B000C83C4BC}.Debug|Any CPU.Build.0 = Debug|Any CPU
		{F566379F-89A0-40CD-8FB8-2B000C83C4BC}.Release|Any CPU.ActiveCfg = Release|Any CPU
		{F566379F-89A0-40CD-8FB8-2B000C83C4BC}.Release|Any CPU.Build.0 = Release|Any CPU
	EndGlobalSection
	GlobalSection(SolutionProperties) = preSolution
		HideSolutionNode = FALSE
	EndGlobalSection
	GlobalSection(ExtensibilityGlobals) = postSolution
		SolutionGuid = {E59F3C73-8AEF-474D-B648-EB80E600A8DE}
	EndGlobalSection
EndGlobal
